
Microsoft Visual Studio Solution File, Format Version 12.00
# Visual Studio Version 16
VisualStudioVersion = 25.0.1703.6
MinimumVisualStudioVersion = 10.0.40219.1
Project("{FAE04EC0-301F-11D3-BF4B-00C04F79EFBC}") = "IdVerificationSampleApp.Android", "IdVerificationSampleApp\IdVerificationSampleApp.Android\IdVerificationSampleApp.Android.csproj", "{92139DA6-3D66-44EE-A229-64BE74857DD0}"
EndProject
Project("{FAE04EC0-301F-11D3-BF4B-00C04F79EFBC}") = "IdVerificationSampleApp.iOS", "IdVerificationSampleApp\IdVerificationSampleApp.iOS\IdVerificationSampleApp.iOS.csproj", "{595C39F0-D171-4207-8A16-5AE23BD01437}"
EndProject
Project("{FAE04EC0-301F-11D3-BF4B-00C04F79EFBC}") = "IdVerificationSampleApp", "IdVerificationSampleApp\IdVerificationSampleApp\IdVerificationSampleApp.csproj", "{007E2772-2C06-464F-9011-73BBA5643860}"
EndProject
Global
	GlobalSection(SolutionConfigurationPlatforms) = preSolution
		Debug|Any CPU = Debug|Any CPU
		Release|Any CPU = Release|Any CPU
		Debug|iPhoneSimulator = Debug|iPhoneSimulator
		Release|iPhoneSimulator = Release|iPhoneSimulator
		Debug|iPhone = Debug|iPhone
		Release|iPhone = Release|iPhone
	EndGlobalSection
	GlobalSection(ProjectConfigurationPlatforms) = postSolution
		{92139DA6-3D66-44EE-A229-64BE74857DD0}.Debug|Any CPU.ActiveCfg = Debug|Any CPU
		{92139DA6-3D66-44EE-A229-64BE74857DD0}.Debug|Any CPU.Build.0 = Debug|Any CPU
		{92139DA6-3D66-44EE-A229-64BE74857DD0}.Release|Any CPU.ActiveCfg = Release|Any CPU
		{92139DA6-3D66-44EE-A229-64BE74857DD0}.Release|Any CPU.Build.0 = Release|Any CPU
		{92139DA6-3D66-44EE-A229-64BE74857DD0}.Debug|iPhoneSimulator.ActiveCfg = Debug|Any CPU
		{92139DA6-3D66-44EE-A229-64BE74857DD0}.Debug|iPhoneSimulator.Build.0 = Debug|Any CPU
		{92139DA6-3D66-44EE-A229-64BE74857DD0}.Release|iPhoneSimulator.ActiveCfg = Release|Any CPU
		{92139DA6-3D66-44EE-A229-64BE74857DD0}.Release|iPhoneSimulator.Build.0 = Release|Any CPU
		{92139DA6-3D66-44EE-A229-64BE74857DD0}.Debug|iPhone.ActiveCfg = Debug|Any CPU
		{92139DA6-3D66-44EE-A229-64BE74857DD0}.Debug|iPhone.Build.0 = Debug|Any CPU
		{92139DA6-3D66-44EE-A229-64BE74857DD0}.Release|iPhone.ActiveCfg = Release|Any CPU
		{92139DA6-3D66-44EE-A229-64BE74857DD0}.Release|iPhone.Build.0 = Release|Any CPU
		{595C39F0-D171-4207-8A16-5AE23BD01437}.Debug|Any CPU.ActiveCfg = Debug|iPhoneSimulator
		{595C39F0-D171-4207-8A16-5AE23BD01437}.Debug|Any CPU.Build.0 = Debug|iPhoneSimulator
		{595C39F0-D171-4207-8A16-5AE23BD01437}.Release|Any CPU.ActiveCfg = Release|iPhoneSimulator
		{595C39F0-D171-4207-8A16-5AE23BD01437}.Release|Any CPU.Build.0 = Release|iPhoneSimulator
		{595C39F0-D171-4207-8A16-5AE23BD01437}.Debug|iPhoneSimulator.ActiveCfg = Debug|iPhoneSimulator
		{595C39F0-D171-4207-8A16-5AE23BD01437}.Debug|iPhoneSimulator.Build.0 = Debug|iPhoneSimulator
		{595C39F0-D171-4207-8A16-5AE23BD01437}.Release|iPhoneSimulator.ActiveCfg = Release|iPhoneSimulator
		{595C39F0-D171-4207-8A16-5AE23BD01437}.Release|iPhoneSimulator.Build.0 = Release|iPhoneSimulator
		{595C39F0-D171-4207-8A16-5AE23BD01437}.Debug|iPhone.ActiveCfg = Debug|iPhone
		{595C39F0-D171-4207-8A16-5AE23BD01437}.Debug|iPhone.Build.0 = Debug|iPhone
		{595C39F0-D171-4207-8A16-5AE23BD01437}.Release|iPhone.ActiveCfg = Release|iPhone
		{595C39F0-D171-4207-8A16-5AE23BD01437}.Release|iPhone.Build.0 = Release|iPhone
		{007E2772-2C06-464F-9011-73BBA5643860}.Debug|Any CPU.ActiveCfg = Debug|Any CPU
		{007E2772-2C06-464F-9011-73BBA5643860}.Debug|Any CPU.Build.0 = Debug|Any CPU
		{007E2772-2C06-464F-9011-73BBA5643860}.Release|Any CPU.ActiveCfg = Release|Any CPU
		{007E2772-2C06-464F-9011-73BBA5643860}.Release|Any CPU.Build.0 = Release|Any CPU
		{007E2772-2C06-464F-9011-73BBA5643860}.Debug|iPhoneSimulator.ActiveCfg = Debug|Any CPU
		{007E2772-2C06-464F-9011-73BBA5643860}.Debug|iPhoneSimulator.Build.0 = Debug|Any CPU
		{007E2772-2C06-464F-9011-73BBA5643860}.Release|iPhoneSimulator.ActiveCfg = Release|Any CPU
		{007E2772-2C06-464F-9011-73BBA5643860}.Release|iPhoneSimulator.Build.0 = Release|Any CPU
		{007E2772-2C06-464F-9011-73BBA5643860}.Debug|iPhone.ActiveCfg = Debug|Any CPU
		{007E2772-2C06-464F-9011-73BBA5643860}.Debug|iPhone.Build.0 = Debug|Any CPU
		{007E2772-2C06-464F-9011-73BBA5643860}.Release|iPhone.ActiveCfg = Release|Any CPU
		{007E2772-2C06-464F-9011-73BBA5643860}.Release|iPhone.Build.0 = Release|Any CPU
		{C58B391A-4305-45DB-AD3B-78E690354A9E}.Debug|Any CPU.ActiveCfg = Debug|Any CPU
		{C58B391A-4305-45DB-AD3B-78E690354A9E}.Debug|Any CPU.Build.0 = Debug|Any CPU
		{C58B391A-4305-45DB-AD3B-78E690354A9E}.Release|Any CPU.ActiveCfg = Release|Any CPU
		{C58B391A-4305-45DB-AD3B-78E690354A9E}.Release|Any CPU.Build.0 = Release|Any CPU
		{C58B391A-4305-45DB-AD3B-78E690354A9E}.Debug|iPhoneSimulator.ActiveCfg = Debug|Any CPU
		{C58B391A-4305-45DB-AD3B-78E690354A9E}.Debug|iPhoneSimulator.Build.0 = Debug|Any CPU
		{C58B391A-4305-45DB-AD3B-78E690354A9E}.Release|iPhoneSimulator.ActiveCfg = Release|Any CPU
		{C58B391A-4305-45DB-AD3B-78E690354A9E}.Release|iPhoneSimulator.Build.0 = Release|Any CPU
		{C58B391A-4305-45DB-AD3B-78E690354A9E}.Debug|iPhone.ActiveCfg = Debug|Any CPU
		{C58B391A-4305-45DB-AD3B-78E690354A9E}.Debug|iPhone.Build.0 = Debug|Any CPU
		{C58B391A-4305-45DB-AD3B-78E690354A9E}.Release|iPhone.ActiveCfg = Release|Any CPU
		{C58B391A-4305-45DB-AD3B-78E690354A9E}.Release|iPhone.Build.0 = Release|Any CPU
		{E026B1FB-F421-4FCA-85AE-5816DAEF19BC}.Debug|Any CPU.ActiveCfg = Debug|Any CPU
		{E026B1FB-F421-4FCA-85AE-5816DAEF19BC}.Debug|Any CPU.Build.0 = Debug|Any CPU
		{E026B1FB-F421-4FCA-85AE-5816DAEF19BC}.Release|Any CPU.ActiveCfg = Release|Any CPU
		{E026B1FB-F421-4FCA-85AE-5816DAEF19BC}.Release|Any CPU.Build.0 = Release|Any CPU
		{E026B1FB-F421-4FCA-85AE-5816DAEF19BC}.Debug|iPhoneSimulator.ActiveCfg = Debug|Any CPU
		{E026B1FB-F421-4FCA-85AE-5816DAEF19BC}.Debug|iPhoneSimulator.Build.0 = Debug|Any CPU
		{E026B1FB-F421-4FCA-85AE-5816DAEF19BC}.Release|iPhoneSimulator.ActiveCfg = Release|Any CPU
		{E026B1FB-F421-4FCA-85AE-5816DAEF19BC}.Release|iPhoneSimulator.Build.0 = Release|Any CPU
		{E026B1FB-F421-4FCA-85AE-5816DAEF19BC}.Debug|iPhone.ActiveCfg = Debug|Any CPU
		{E026B1FB-F421-4FCA-85AE-5816DAEF19BC}.Debug|iPhone.Build.0 = Debug|Any CPU
		{E026B1FB-F421-4FCA-85AE-5816DAEF19BC}.Release|iPhone.ActiveCfg = Release|Any CPU
		{E026B1FB-F421-4FCA-85AE-5816DAEF19BC}.Release|iPhone.Build.0 = Release|Any CPU
		{D43BB6B2-9A50-450A-8EED-A266692A52DB}.Debug|Any CPU.ActiveCfg = Debug|Any CPU
		{D43BB6B2-9A50-450A-8EED-A266692A52DB}.Debug|Any CPU.Build.0 = Debug|Any CPU
		{D43BB6B2-9A50-450A-8EED-A266692A52DB}.Release|Any CPU.ActiveCfg = Release|Any CPU
		{D43BB6B2-9A50-450A-8EED-A266692A52DB}.Release|Any CPU.Build.0 = Release|Any CPU
		{D43BB6B2-9A50-450A-8EED-A266692A52DB}.Debug|iPhoneSimulator.ActiveCfg = Debug|Any CPU
		{D43BB6B2-9A50-450A-8EED-A266692A52DB}.Debug|iPhoneSimulator.Build.0 = Debug|Any CPU
		{D43BB6B2-9A50-450A-8EED-A266692A52DB}.Release|iPhoneSimulator.ActiveCfg = Release|Any CPU
		{D43BB6B2-9A50-450A-8EED-A266692A52DB}.Release|iPhoneSimulator.Build.0 = Release|Any CPU
		{D43BB6B2-9A50-450A-8EED-A266692A52DB}.Debug|iPhone.ActiveCfg = Debug|Any CPU
		{D43BB6B2-9A50-450A-8EED-A266692A52DB}.Debug|iPhone.Build.0 = Debug|Any CPU
		{D43BB6B2-9A50-450A-8EED-A266692A52DB}.Release|iPhone.ActiveCfg = Release|Any CPU
		{D43BB6B2-9A50-450A-8EED-A266692A52DB}.Release|iPhone.Build.0 = Release|Any CPU
		{E59355C4-3872-401C-B7BB-81E7030A962F}.Debug|Any CPU.ActiveCfg = Debug|Any CPU
		{E59355C4-3872-401C-B7BB-81E7030A962F}.Debug|Any CPU.Build.0 = Debug|Any CPU
		{E59355C4-3872-401C-B7BB-81E7030A962F}.Release|Any CPU.ActiveCfg = Release|Any CPU
		{E59355C4-3872-401C-B7BB-81E7030A962F}.Release|Any CPU.Build.0 = Release|Any CPU
		{E59355C4-3872-401C-B7BB-81E7030A962F}.Debug|iPhoneSimulator.ActiveCfg = Debug|Any CPU
		{E59355C4-3872-401C-B7BB-81E7030A962F}.Debug|iPhoneSimulator.Build.0 = Debug|Any CPU
		{E59355C4-3872-401C-B7BB-81E7030A962F}.Release|iPhoneSimulator.ActiveCfg = Release|Any CPU
		{E59355C4-3872-401C-B7BB-81E7030A962F}.Release|iPhoneSimulator.Build.0 = Release|Any CPU
		{E59355C4-3872-401C-B7BB-81E7030A962F}.Debug|iPhone.ActiveCfg = Debug|Any CPU
		{E59355C4-3872-401C-B7BB-81E7030A962F}.Debug|iPhone.Build.0 = Debug|Any CPU
		{E59355C4-3872-401C-B7BB-81E7030A962F}.Release|iPhone.ActiveCfg = Release|Any CPU
		{E59355C4-3872-401C-B7BB-81E7030A962F}.Release|iPhone.Build.0 = Release|Any CPU
		{32FA699C-88C1-4E1E-90F7-46AE5F5823F0}.Debug|Any CPU.ActiveCfg = Debug|Any CPU
		{32FA699C-88C1-4E1E-90F7-46AE5F5823F0}.Debug|Any CPU.Build.0 = Debug|Any CPU
		{32FA699C-88C1-4E1E-90F7-46AE5F5823F0}.Release|Any CPU.ActiveCfg = Release|Any CPU
		{32FA699C-88C1-4E1E-90F7-46AE5F5823F0}.Release|Any CPU.Build.0 = Release|Any CPU
		{32FA699C-88C1-4E1E-90F7-46AE5F5823F0}.Debug|iPhoneSimulator.ActiveCfg = Debug|Any CPU
		{32FA699C-88C1-4E1E-90F7-46AE5F5823F0}.Debug|iPhoneSimulator.Build.0 = Debug|Any CPU
		{32FA699C-88C1-4E1E-90F7-46AE5F5823F0}.Release|iPhoneSimulator.ActiveCfg = Release|Any CPU
		{32FA699C-88C1-4E1E-90F7-46AE5F5823F0}.Release|iPhoneSimulator.Build.0 = Release|Any CPU
		{32FA699C-88C1-4E1E-90F7-46AE5F5823F0}.Debug|iPhone.ActiveCfg = Debug|Any CPU
		{32FA699C-88C1-4E1E-90F7-46AE5F5823F0}.Debug|iPhone.Build.0 = Debug|Any CPU
		{32FA699C-88C1-4E1E-90F7-46AE5F5823F0}.Release|iPhone.ActiveCfg = Release|Any CPU
		{32FA699C-88C1-4E1E-90F7-46AE5F5823F0}.Release|iPhone.Build.0 = Release|Any CPU
		{EE4837C6-E112-4C87-8A5D-F42B88C1AE1C}.Debug|Any CPU.ActiveCfg = Debug|Any CPU
		{EE4837C6-E112-4C87-8A5D-F42B88C1AE1C}.Debug|Any CPU.Build.0 = Debug|Any CPU
		{EE4837C6-E112-4C87-8A5D-F42B88C1AE1C}.Release|Any CPU.ActiveCfg = Release|Any CPU
		{EE4837C6-E112-4C87-8A5D-F42B88C1AE1C}.Release|Any CPU.Build.0 = Release|Any CPU
		{EE4837C6-E112-4C87-8A5D-F42B88C1AE1C}.Debug|iPhoneSimulator.ActiveCfg = Debug|Any CPU
		{EE4837C6-E112-4C87-8A5D-F42B88C1AE1C}.Debug|iPhoneSimulator.Build.0 = Debug|Any CPU
		{EE4837C6-E112-4C87-8A5D-F42B88C1AE1C}.Release|iPhoneSimulator.ActiveCfg = Release|Any CPU
		{EE4837C6-E112-4C87-8A5D-F42B88C1AE1C}.Release|iPhoneSimulator.Build.0 = Release|Any CPU
		{EE4837C6-E112-4C87-8A5D-F42B88C1AE1C}.Debug|iPhone.ActiveCfg = Debug|Any CPU
		{EE4837C6-E112-4C87-8A5D-F42B88C1AE1C}.Debug|iPhone.Build.0 = Debug|Any CPU
		{EE4837C6-E112-4C87-8A5D-F42B88C1AE1C}.Release|iPhone.ActiveCfg = Release|Any CPU
		{EE4837C6-E112-4C87-8A5D-F42B88C1AE1C}.Release|iPhone.Build.0 = Release|Any CPU
		{9D69AC93-7207-4E76-9B9D-855C9D5A6C1A}.Debug|Any CPU.ActiveCfg = Debug|Any CPU
		{9D69AC93-7207-4E76-9B9D-855C9D5A6C1A}.Debug|Any CPU.Build.0 = Debug|Any CPU
		{9D69AC93-7207-4E76-9B9D-855C9D5A6C1A}.Release|Any CPU.ActiveCfg = Release|Any CPU
		{9D69AC93-7207-4E76-9B9D-855C9D5A6C1A}.Release|Any CPU.Build.0 = Release|Any CPU
		{9D69AC93-7207-4E76-9B9D-855C9D5A6C1A}.Debug|iPhoneSimulator.ActiveCfg = Debug|Any CPU
		{9D69AC93-7207-4E76-9B9D-855C9D5A6C1A}.Debug|iPhoneSimulator.Build.0 = Debug|Any CPU
		{9D69AC93-7207-4E76-9B9D-855C9D5A6C1A}.Release|iPhoneSimulator.ActiveCfg = Release|Any CPU
		{9D69AC93-7207-4E76-9B9D-855C9D5A6C1A}.Release|iPhoneSimulator.Build.0 = Release|Any CPU
		{9D69AC93-7207-4E76-9B9D-855C9D5A6C1A}.Debug|iPhone.ActiveCfg = Debug|Any CPU
		{9D69AC93-7207-4E76-9B9D-855C9D5A6C1A}.Debug|iPhone.Build.0 = Debug|Any CPU
		{9D69AC93-7207-4E76-9B9D-855C9D5A6C1A}.Release|iPhone.ActiveCfg = Release|Any CPU
		{9D69AC93-7207-4E76-9B9D-855C9D5A6C1A}.Release|iPhone.Build.0 = Release|Any CPU
		{1CCD1741-AD27-407E-858A-FA5845813708}.Debug|Any CPU.ActiveCfg = Debug|Any CPU
		{1CCD1741-AD27-407E-858A-FA5845813708}.Debug|Any CPU.Build.0 = Debug|Any CPU
		{1CCD1741-AD27-407E-858A-FA5845813708}.Release|Any CPU.ActiveCfg = Release|Any CPU
		{1CCD1741-AD27-407E-858A-FA5845813708}.Release|Any CPU.Build.0 = Release|Any CPU
		{1CCD1741-AD27-407E-858A-FA5845813708}.Debug|iPhoneSimulator.ActiveCfg = Debug|Any CPU
		{1CCD1741-AD27-407E-858A-FA5845813708}.Debug|iPhoneSimulator.Build.0 = Debug|Any CPU
		{1CCD1741-AD27-407E-858A-FA5845813708}.Release|iPhoneSimulator.ActiveCfg = Release|Any CPU
		{1CCD1741-AD27-407E-858A-FA5845813708}.Release|iPhoneSimulator.Build.0 = Release|Any CPU
		{1CCD1741-AD27-407E-858A-FA5845813708}.Debug|iPhone.ActiveCfg = Debug|Any CPU
		{1CCD1741-AD27-407E-858A-FA5845813708}.Debug|iPhone.Build.0 = Debug|Any CPU
		{1CCD1741-AD27-407E-858A-FA5845813708}.Release|iPhone.ActiveCfg = Release|Any CPU
		{1CCD1741-AD27-407E-858A-FA5845813708}.Release|iPhone.Build.0 = Release|Any CPU
		{0CA19EA9-BC0C-4F55-8487-B52D60CED749}.Debug|Any CPU.ActiveCfg = Debug|Any CPU
		{0CA19EA9-BC0C-4F55-8487-B52D60CED749}.Debug|Any CPU.Build.0 = Debug|Any CPU
		{0CA19EA9-BC0C-4F55-8487-B52D60CED749}.Release|Any CPU.ActiveCfg = Release|Any CPU
		{0CA19EA9-BC0C-4F55-8487-B52D60CED749}.Release|Any CPU.Build.0 = Release|Any CPU
		{0CA19EA9-BC0C-4F55-8487-B52D60CED749}.Debug|iPhoneSimulator.ActiveCfg = Debug|Any CPU
		{0CA19EA9-BC0C-4F55-8487-B52D60CED749}.Debug|iPhoneSimulator.Build.0 = Debug|Any CPU
		{0CA19EA9-BC0C-4F55-8487-B52D60CED749}.Release|iPhoneSimulator.ActiveCfg = Release|Any CPU
		{0CA19EA9-BC0C-4F55-8487-B52D60CED749}.Release|iPhoneSimulator.Build.0 = Release|Any CPU
		{0CA19EA9-BC0C-4F55-8487-B52D60CED749}.Debug|iPhone.ActiveCfg = Debug|Any CPU
		{0CA19EA9-BC0C-4F55-8487-B52D60CED749}.Debug|iPhone.Build.0 = Debug|Any CPU
		{0CA19EA9-BC0C-4F55-8487-B52D60CED749}.Release|iPhone.ActiveCfg = Release|Any CPU
		{0CA19EA9-BC0C-4F55-8487-B52D60CED749}.Release|iPhone.Build.0 = Release|Any CPU
		{8CE629A1-370F-408B-8FEE-C24660446613}.Debug|Any CPU.ActiveCfg = Debug|Any CPU
		{8CE629A1-370F-408B-8FEE-C24660446613}.Debug|Any CPU.Build.0 = Debug|Any CPU
		{8CE629A1-370F-408B-8FEE-C24660446613}.Release|Any CPU.ActiveCfg = Release|Any CPU
		{8CE629A1-370F-408B-8FEE-C24660446613}.Release|Any CPU.Build.0 = Release|Any CPU
		{8CE629A1-370F-408B-8FEE-C24660446613}.Debug|iPhoneSimulator.ActiveCfg = Debug|Any CPU
		{8CE629A1-370F-408B-8FEE-C24660446613}.Debug|iPhoneSimulator.Build.0 = Debug|Any CPU
		{8CE629A1-370F-408B-8FEE-C24660446613}.Release|iPhoneSimulator.ActiveCfg = Release|Any CPU
		{8CE629A1-370F-408B-8FEE-C24660446613}.Release|iPhoneSimulator.Build.0 = Release|Any CPU
		{8CE629A1-370F-408B-8FEE-C24660446613}.Debug|iPhone.ActiveCfg = Debug|Any CPU
		{8CE629A1-370F-408B-8FEE-C24660446613}.Debug|iPhone.Build.0 = Debug|Any CPU
		{8CE629A1-370F-408B-8FEE-C24660446613}.Release|iPhone.ActiveCfg = Release|Any CPU
		{8CE629A1-370F-408B-8FEE-C24660446613}.Release|iPhone.Build.0 = Release|Any CPU
	EndGlobalSection
	GlobalSection(SolutionProperties) = preSolution
		HideSolutionNode = FALSE
	EndGlobalSection
	GlobalSection(ExtensibilityGlobals) = postSolution
		SolutionGuid = {E9A5D83C-D4B3-4C89-9FF7-4AF1902E33FA}
	EndGlobalSection
EndGlobal
